
Microsoft Visual Studio Solution File, Format Version 12.00
# Visual Studio Version 17
VisualStudioVersion = 17.9.34902.65
MinimumVisualStudioVersion = 10.0.40219.1
Project("{FAE04EC0-301F-11D3-BF4B-00C04F79EFBC}") = "TelegramBotExtension", "TelegramBotExtension\TelegramBotExtension.csproj", "{4F3CDD51-5306-4BD2-9B4A-FF8F7335EA84}"
EndProject
Project("{FAE04EC0-301F-11D3-BF4B-00C04F79EFBC}") = "TelegramBotExtension.Tests", "TelegramBotExtension.Tests\TelegramBotExtension.Tests.csproj", "{7805F1B1-C020-4E94-8B2B-A852DAFDD80F}"
EndProject
Global
	GlobalSection(SolutionConfigurationPlatforms) = preSolution
		Debug|Any CPU = Debug|Any CPU
		Release|Any CPU = Release|Any CPU
	EndGlobalSection
	GlobalSection(ProjectConfigurationPlatforms) = postSolution
		{4F3CDD51-5306-4BD2-9B4A-FF8F7335EA84}.Debug|Any CPU.ActiveCfg = Debug|Any CPU
		{4F3CDD51-5306-4BD2-9B4A-FF8F7335EA84}.Debug|Any CPU.Build.0 = Debug|Any CPU
		{4F3CDD51-5306-4BD2-9B4A-FF8F7335EA84}.Release|Any CPU.ActiveCfg = Release|Any CPU
		{4F3CDD51-5306-4BD2-9B4A-FF8F7335EA84}.Release|Any CPU.Build.0 = Release|Any CPU
		{7805F1B1-C020-4E94-8B2B-A852DAFDD80F}.Debug|Any CPU.ActiveCfg = Debug|Any CPU
		{7805F1B1-C020-4E94-8B2B-A852DAFDD80F}.Debug|Any CPU.Build.0 = Debug|Any CPU
		{7805F1B1-C020-4E94-8B2B-A852DAFDD80F}.Release|Any CPU.ActiveCfg = Release|Any CPU
		{7805F1B1-C020-4E94-8B2B-A852DAFDD80F}.Release|Any CPU.Build.0 = Release|Any CPU
	EndGlobalSection
	GlobalSection(SolutionProperties) = preSolution
		HideSolutionNode = FALSE
	EndGlobalSection
	GlobalSection(ExtensibilityGlobals) = postSolution
		SolutionGuid = {2D314D3E-4924-444C-9290-C4A646CFFA60}
	EndGlobalSection
EndGlobal
